
Microsoft Visual Studio Solution File, Format Version 12.00
# Visual Studio Version 17
VisualStudioVersion = 17.10.35013.160
MinimumVisualStudioVersion = 10.0.40219.1
Project("{FAE04EC0-301F-11D3-BF4B-00C04F79EFBC}") = "LawfulMod", "LawfulMod.csproj", "{F54664A3-5BA7-4377-B675-9CF9FFD4148A}"
EndProject
Global
	GlobalSection(SolutionConfigurationPlatforms) = preSolution
		Debug|Any CPU = Debug|Any CPU
		Release|Any CPU = Release|Any CPU
	EndGlobalSection
	GlobalSection(ProjectConfigurationPlatforms) = postSolution
		{F54664A3-5BA7-4377-B675-9CF9FFD4148A}.Debug|Any CPU.ActiveCfg = Debug|Any CPU
		{F54664A3-5BA7-4377-B675-9CF9FFD4148A}.Debug|Any CPU.Build.0 = Debug|Any CPU
		{F54664A3-5BA7-4377-B675-9CF9FFD4148A}.Release|Any CPU.ActiveCfg = Release|Any CPU
		{F54664A3-5BA7-4377-B675-9CF9FFD4148A}.Release|Any CPU.Build.0 = Release|Any CPU
	EndGlobalSection
	GlobalSection(SolutionProperties) = preSolution
		HideSolutionNode = FALSE
	EndGlobalSection
	GlobalSection(ExtensibilityGlobals) = postSolution
		SolutionGuid = {454BF3E8-3957-4559-9CCB-5CAAAFA4F767}
	EndGlobalSection
EndGlobal
